version = 1
revision = 5
requires-python = "==3.11.*"
resolution-markers = [
    "sys_platform != 'darwin'",
    "sys_platform == 'darwin'",
]

[[package]]
name = "cloudpickle"
version = "3.1.2"
source = { registry = "https://pypi.org/simple" }
sdist = { url = "https://files.pythonhosted.org/packages/27/fb/576f067976d320f5f0114a8d9fa1215425441bb35627b1993e5afd8111e5/cloudpickle-3.1.2.tar.gz", hash = "sha256:7fda9eb655c9c230dab534f1983763de5835249750e85fbcef43aaa30a9a2414", size = 22330, upload-time = "2025-11-03T09:25:26.604Z" }
wheels = [
    { url = "https://files.pythonhosted.org/packages/88/39/799be3f2f0f38cc727ee3b4f1445fe6d5e4133064ec2e4115069418a5bb6/cloudpickle-3.1.2-py3-none-any.whl", hash = "sha256:9acb47f6afd73f60dc1df93bb801b472f05ff42fa6c84167d25cb206be1fbf4a", size = 22228, upload-time = "2025-11-03T09:25:25.534Z" },
]

[[package]]
name = "colorama"
version = "0.4.6"
source = { registry = "https://pypi.org/simple" }
sdist = { url = "https://files.pythonhosted.org/packages/d8/53/6f443c9a4a8358a93a6792e2acffb9d9d5cb0a5cfd8802644b7b1c9a02e4/colorama-0.4.6.tar.gz", hash = "sha256:08695f5cb7ed6e0531a20572697297273c47b8cae5a63ffc6d6ed5c201be6e44", size = 27697, upload-time = "2022-10-25T02:36:22.414Z" }
wheels = [
    { url = "https://files.pythonhosted.org/packages/d1/d6/3965ed04c63042e047cb6a3e6ed1a63a35087b6a609aa3a15ed8ac56c221/colorama-0.4.6-py2.py3-none-any.whl", hash = "sha256:4f1d9991f5acc0ca119f9d443620b77f9d6b33703e51011c16baf57afb285fc6", size = 25335, upload-time = "2022-10-25T02:36:20.889Z" },
]

[[package]]
name = "filelock"
version = "4.0.11"
source = { registry = "https://pypi.org/simple" }
sdist = { url = "https://files.pythonhosted.org/packages/d8/9c/925c4f62920e4200d573d2bfe5cfd1b993134c3aee5f9bd3b7c55e20297e/filelock-4.0.11.tar.gz", hash = "sha256:9dc453a1edd25626a6fc97c2cb1bd9f7e46345843d40b3181c071761fb9a5f7a", size = 253844, upload-time = "2026-10-05T00:57:32.47Z" }
wheels = [
    { url = "https://files.pythonhosted.org/packages/4a/4d/2983a9fc0a412a09151299d1ec9eb7511e3d577f7213e19395fabebf9db6/filelock-4.0.11-py3-none-any.whl", hash = "sha256:1cbdc4ace7fb11d2f6d073f5c3d91537a23b3d58d2bf2fdffc12c6d717a589c6", size = 111688, upload-time = "2026-10-05T00:57:30.896Z" },
]

[[package]]
name = "fsspec"
version = "2026.9.0"
source = { registry = "https://pypi.org/simple" }
sdist = { url = "https://files.pythonhosted.org/packages/77/cd/9be253869fc42e764de7f3dedd6969af7d44ff9c3375214a3442a6f3fc08/fsspec-2026.9.0.tar.gz", hash = "sha256:0f08147951c8cb31d844c3547d631053b127863b60be04cf06e121333ee0e2fe", size = 333545, upload-time = "2026-09-18T17:50:42.825Z" }
wheels = [
    { url = "https://files.pythonhosted.org/packages/6c/c0/a98505f18594f1bce828bb159cec0fcf9860562f1a2c85913409fc8f3d9e/fsspec-2026.9.0-py3-none-any.whl", hash = "sha256:8dd6e646e99ea382bd85f97a45e6b526a442d79423a7dc673f1e2756d05fcb5f", size = 221738, upload-time = "2026-09-18T17:50:41.341Z" },
]

[[package]]
name = "iniconfig"
version = "2.3.0"
source = { registry = "https://pypi.org/simple" }
sdist = { url = "https://files.pythonhosted.org/packages/72/34/14ca021ce8e5dfedc35312d08ba8bf51fdd999c576889fc2c24cb97f4f10/iniconfig-2.3.0.tar.gz", hash = "sha256:c76315c77db068650d49c5b56314774a7804df16fee4402c1f19d6d15d8c4730", size = 20503, upload-time = "2025-10-18T21:55:43.219Z" }
wheels = [
    { url = "https://files.pythonhosted.org/packages/cb/b1/3846dd7f199d53cb17f49cba7e651e9ce294d8497c8c150530ed11865bb8/iniconfig-2.3.0-py3-none-any.whl", hash = "sha256:f631c04d2c48c52b84d0d0549c99ff3859c98df65b3101406327ecc7d53fbf12", size = 7484, upload-time = "2025-10-18T21:55:41.639Z" },
]

[[package]]
name = "jinja2"
version = "3.1.6"
source = { registry = "https://pypi.org/simple" }
dependencies = [
    { name = "markupsafe" },
]
sdist = { url = "https://files.pythonhosted.org/packages/df/bf/f7da0350254c0ed7c72f3e33cef02e048281fec7ecec5f032d4aac52226b/jinja2-3.1.6.tar.gz", hash = "sha256:0137fb05990d35f1275a587e9aee6d56da821fc83491a0fb838183be43f66d6d", size = 245115, upload-time = "2025-03-05T20:05:02.478Z" }
wheels = [
    { url = "https://files.pythonhosted.org/packages/62/a1/3d680cbfd5f4b8f15abc1d571870c5fc3e594bb582bc3b64ea099db13e56/jinja2-3.1.6-py3-none-any.whl", hash = "sha256:85ece4451f492d0c13c5dd7c13a64681a86afae63a5f347908daf103ce6d2f67", size = 134899, upload-time = "2025-03-05T20:05:00.369Z" },
]

[[package]]
name = "joblib"
version = "1.6.0"
source = { registry = "https://pypi.org/simple" }
dependencies = [
    { name = "cloudpickle" },
]
sdist = { url = "https://files.pythonhosted.org/packages/d5/1d/537ab090f302b838943a1b56497dd53059b9a9b46a074936470173a2e207/joblib-1.6.0.tar.gz", hash = "sha256:2ccc96785b12046c08fd6d55839c12857831b54a3c1673ffadd2f04bfc4eda03", size = 327903, upload-time = "2026-08-31T09:39:04.122Z" }
wheels = [
    { url = "https://files.pythonhosted.org/packages/18/53/84099323c2ec4be98d935f63c033ac4151ee83836ca1050ede3b3aadf155/joblib-1.6.0-py3-none-any.whl", hash = "sha256:3dbbf9f6e4b592a2357b854608e980fe6390d131d7a82f011a377ef2ebef7aba", size = 306115, upload-time = "2026-08-31T09:39:02.298Z" },
]

[[package]]
name = "maizedoctor-ml-training"
version = "0.1.0"
source = { virtual = "." }
dependencies = [
    { name = "numpy" },
    { name = "opencv-python", marker = "sys_platform == 'win32'" },
    { name = "opencv-python-headless", marker = "sys_platform != 'win32'" },
    { name = "pillow" },
    { name = "scikit-learn" },
    { name = "scipy" },
    { name = "torch", version = "2.10.0", source = { registry = "https://download.pytorch.org/whl/cpu" }, marker = "sys_platform == 'darwin'" },
    { name = "torch", version = "2.10.0+cpu", source = { registry = "https://download.pytorch.org/whl/cpu" }, marker = "sys_platform != 'darwin'" },
    { name = "torchvision", version = "0.25.0", source = { registry = "https://download.pytorch.org/whl/cpu" }, marker = "sys_platform == 'darwin'" },
    { name = "torchvision", version = "0.25.0+cpu", source = { registry = "https://download.pytorch.org/whl/cpu" }, marker = "sys_platform != 'darwin'" },
]

[package.dev-dependencies]
dev = [
    { name = "pytest" },
]

[package.metadata]
requires-dist = [
    { name = "numpy", specifier = ">=2.4.2,<3" },
    { name = "opencv-python", marker = "sys_platform == 'win32'", specifier = "==4.13.0.92" },
    { name = "opencv-python-headless", marker = "sys_platform != 'win32'", specifier = "==4.13.0.92" },
    { name = "pillow", specifier = ">=12.1.0,<13" },
    { name = "scikit-learn", specifier = "==1.8.0" },
    { name = "scipy", specifier = "==1.17.1" },
    { name = "torch", specifier = "==2.10.0", index = "https://download.pytorch.org/whl/cpu" },
    { name = "torchvision", specifier = "==0.25.0", index = "https://download.pytorch.org/whl/cpu" },
]

[package.metadata.requires-dev]
dev = [{ name = "pytest", specifier = ">=8.4,<10" }]

[[package]]
name = "markupsafe"
version = "3.0.4"
source = { registry = "https://pypi.org/simple" }
sdist = { url = "https://files.pythonhosted.org/packages/38/9b/e422a865e1d5d57d0e509b4e0bf1c1a70a7f6382c29a5aa428df994c8bc8/markupsafe-3.0.4.tar.gz", hash = "sha256:2e9ad7dd851bf45fab9f75cbff4cb493fee9979e8d8c7c9c3ee119022518edd6", size = 153777, upload-time = "2026-10-02T23:07:22.29Z" }
wheels = [
    { url = "https://files.pythonhosted.org/packages/32/55/18dbb4778b30ada5ce071608503cc3edc9e14e13d868c17a6d178fc30f7a/markupsafe-3.0.4-cp311-cp311-macosx_10_9_x86_64.whl", hash = "sha256:9e25feb9e330b63edb0278a0acdf85e50d0cb0fbf49c3084abbe4e24ae195346", size = 11520, upload-time = "2026-10-02T23:04:36.299Z" },
    { url = "https://files.pythonhosted.org/packages/6c/14/0b05f79b4733e264a18d08fe08fa1df7347630ff32a6cb82180d9dccec55/markupsafe-3.0.4-cp311-cp311-macosx_11_0_arm64.whl", hash = "sha256:7d3391b2188d18737cb2fa147028b1096236eaa7e156446c650a489fa2cadc91", size = 12063, upload-time = "2026-10-02T23:04:37.291Z" },
    { url = "https://files.pythonhosted.org/packages/ca/3a/63ba10b6c1463216b3e4df669a9f0e5a3b0c3071557d2e8229e3968c79fb/markupsafe-3.0.4-cp311-cp311-manylinux2014_aarch64.manylinux_2_17_aarch64.manylinux_2_28_aarch64.whl", hash = "sha256:849dd2bb0e5e4ab2b71c7191726a4a8d5aa8a610daa584728cbee0b710ddc4ef", size = 24321, upload-time = "2026-10-02T23:04:38.262Z" },
    { url = "https://files.pythonhosted.org/packages/1a/2e/5f015261b76ad633d187ef6f388b413aedd64a8773c4df59e530a0be5525/markupsafe-3.0.4-cp311-cp311-manylinux2014_armv7l.manylinux_2_17_armv7l.manylinux_2_31_armv7l.whl", hash = "sha256:befb4158af32106b9a93db8d6d1d1cbbd418c0d5aca0cabb7b1780abf0c89169", size = 28845, upload-time = "2026-10-02T23:04:39.295Z" },
    { url = "https://files.pythonhosted.org/packages/33/cf/26e594b26be40c2f1fec63ccf8a8b99d0335a5b2cbe84835c7d82a994375/markupsafe-3.0.4-cp311-cp311-manylinux2014_ppc64le.manylinux_2_17_ppc64le.manylinux_2_28_ppc64le.whl", hash = "sha256:71f88e749ea29f67f21f3b36433c1dc54c7729ed2a6d9e2da2e0d9e0d7b224eb", size = 24701, upload-time = "2026-10-02T23:04:40.348Z" },
    { url = "https://files.pythonhosted.org/packages/81/a5/a513b76c139a3915b43404324e55c0b7979ae4f0d39eb6f075b0282e90a8/markupsafe-3.0.4-cp311-cp311-manylinux2014_x86_64.manylinux_2_17_x86_64.manylinux_2_28_x86_64.whl", hash = "sha256:6da83a088f8ef93b2d483a8232a4dbf4d69d3d8496b568a03c56becac43e1808", size = 22961, upload-time = "2026-10-02T23:04:41.372Z" },
    { url = "https://files.pythonhosted.org/packages/46/cf/4c66192c100b4542bcbe392ae06696b670f66927be3ac38a213234778ff9/markupsafe-3.0.4-cp311-cp311-manylinux_2_31_riscv64.manylinux_2_39_riscv64.whl", hash = "sha256:8f0fac8b13d14bb06c68195f849371924ae53dd7b1c00fed24650f704383b692", size = 21920, upload-time = "2026-10-02T23:04:42.429Z" },
    { url = "https://files.pythonhosted.org/packages/cb/17/ac3662678bfbad649893117ada2ba44dc30bf56884e84f13154a792b10f1/markupsafe-3.0.4-cp311-cp311-musllinux_1_2_aarch64.whl", hash = "sha256:4a7cdc2a420ca01058182da4253329764d4bfa055564d1eced90e6ba1e8b1d3d", size = 23726, upload-time = "2026-10-02T23:04:43.531Z" },
    { url = "https://files.pythonhosted.org/packages/f7/af/fe47cee339180a69ebca3c57fb3483d0f5cbd1e8337d1871fb1d9c1aebee/markupsafe-3.0.4-cp311-cp311-musllinux_1_2_armv7l.whl", hash = "sha256:83b3944fea42a8400edf92fd1770fb8d0d4f7de651353bd2d8525a92dba69a21", size = 22539, upload-time = "2026-10-02T23:04:44.618Z" },
    { url = "https://files.pythonhosted.org/packages/12/32/d55440ba140442800e02d799c9cb5ab597bf6ebdb1177b5ea39a11f797bd/markupsafe-3.0.4-cp311-cp311-musllinux_1_2_ppc64le.whl", hash = "sha256:8138eb83940ec7299024d92d4dee45f601b9e6c5ffde9d25f4e35e326203c707", size = 23963, upload-time = "2026-10-02T23:04:45.656Z" },
    { url = "https://files.pythonhosted.org/packages/50/9d/9c86042cb364c2ad4c971e6d1247929effd25f714cd7ee11b05e6316445b/markupsafe-3.0.4-cp311-cp311-musllinux_1_2_riscv64.whl", hash = "sha256:811d02d5122171c1941357efd8f9bf4ffe907b7f0a1a4e729a880e4be3f46e3e", size = 21506, upload-time = "2026-10-02T23:04:46.671Z" },
    { url = "https://files.pythonhosted.org/packages/75/ef/5b824f03ba40c3b3652b6272d083d2fc4fcdd440de519a3a39ba2c3e7262/markupsafe-3.0.4-cp311-cp311-musllinux_1_2_x86_64.whl", hash = "sha256:50b5bedc9ed8a94fc8857a42ef4f84a81ea88f8d4f05dc8705fb23ee6d8dcca7", size = 22955, upload-time = "2026-10-02T23:04:47.698Z" },
    { url = "https://files.pythonhosted.org/packages/1e/e8/44cfcb5ea40e5e43cec7793ef90704ed0c475280839076c4345757eb8e59/markupsafe-3.0.4-cp311-cp311-win32.whl", hash = "sha256:2e5a7cd7fdd14fcb1ae5d7d8bf23d24fbd1daefd1fbca2580132e1ea75f098b5", size = 14094, upload-time = "2026-10-02T23:04:48.788Z" },
    { url = "https://files.pythonhosted.org/packages/91/89/f2b509f7bf79352e40117824c1070dbeafd4df67031d3fa98165a3134228/markupsafe-3.0.4-cp311-cp311-win_amd64.whl", hash = "sha256:fdb4ca07ab75ffadab4a8b135ad59cdbb3156b99310f3d565370da74a15d6bd3", size = 14328, upload-time = "2026-10-02T23:04:49.801Z" },
    { url = "https://files.pythonhosted.org/packages/2b/5a/ccf22672a0f64dc682306e288f0dabcb06c7a201f3bb6e6cbf86d9e8ad03/markupsafe-3.0.4-cp311-cp311-win_arm64.whl", hash = "sha256:569d65055d367e3dcdf30c3f41119467b73d9ee9faf332bdf40402644f5ac08e", size = 14188, upload-time = "2026-10-02T23:04:50.847Z" },
]

[[package]]
name = "mpmath"
version = "1.3.0"
source = { registry = "https://pypi.org/simple" }
sdist = { url = "https://files.pythonhosted.org/packages/e0/47/dd32fa426cc72114383ac549964eecb20ecfd886d1e5ccf5340b55b02f57/mpmath-1.3.0.tar.gz", hash = "sha256:7a28eb2a9774d00c7bc92411c19a89209d5da7c4c9a9e227be8330a23a25b91f", size = 508106, upload-time = "2023-03-07T16:47:11.061Z" }
wheels = [
    { url = "https://files.pythonhosted.org/packages/43/e3/7d92a15f894aa0c9c4b49b8ee9ac9850d6e63b03c9c32c0367a13ae62209/mpmath-1.3.0-py3-none-any.whl", hash = "sha256:a0b2b9fe80bbcd81a6647ff13108738cfb482d481d826cc0e02f5b35e5c88d2c", size = 536198, upload-time = "2023-03-07T16:47:09.197Z" },
]

[[package]]
name = "networkx"
version = "3.6.1"
source = { registry = "https://pypi.org/simple" }
sdist = { url = "https://files.pythonhosted.org/packages/6a/51/63fe664f3908c97be9d2e4f1158eb633317598cfa6e1fc14af5383f17512/networkx-3.6.1.tar.gz", hash = "sha256:26b7c357accc0c8cde558ad486283728b65b6a95d85ee1cd66bafab4c8168509", size = 2517025, upload-time = "2025-12-08T17:02:39.908Z" }
wheels = [
    { url = "https://files.pythonhosted.org/packages/9e/c9/b2622292ea83fbb4ec318f5b9ab867d0a28ab43c5717bb85b0a5f6b3b0a4/networkx-3.6.1-py3-none-any.whl", hash = "sha256:d47fbf302e7d9cbbb9e2555a0d267983d2aa476bac30e90dfbe5669bd57f3762", size = 2068504, upload-time = "2025-12-08T17:02:38.159Z" },
]

[[package]]
name = "numpy"
version = "2.4.6"
source = { registry = "https://pypi.org/simple" }
sdist = { url = "https://files.pythonhosted.org/packages/d0/ad/fed0499ce6a338d2a03ebae59cd15093910c8875328855781952abf6c2fe/numpy-2.4.6.tar.gz", hash = "sha256:f3a3570c4a2a16746ac2c31a7c7c7b0c186b95ce902e33db6f28094ed7387dda", size = 20735807, upload-time = "2026-05-18T23:37:14.07Z" }
wheels = [
    { url = "https://files.pythonhosted.org/packages/b3/49/ec46835a70be8fa6446c495126ac84fdb28cb2558e1620ffb87a10c8b64c/numpy-2.4.6-cp311-cp311-macosx_10_9_x86_64.whl", hash = "sha256:0280e0356c0829a18d9de1cb7eee50ec22ca639878d7240307ca0943d73cd2c4", size = 16969194, upload-time = "2026-05-18T23:33:13.503Z" },
    { url = "https://files.pythonhosted.org/packages/0e/0d/f5957185c0ee2f3e12f78715aa9e3b353fd83633316c8532b38faa37e3f6/numpy-2.4.6-cp311-cp311-macosx_11_0_arm64.whl", hash = "sha256:110f8b71aacb688ec69062bb7f6938a0f8acb01b7c1c4beb453c65b6d234584d", size = 14964111, upload-time = "2026-05-18T23:33:17.795Z" },
    { url = "https://files.pythonhosted.org/packages/ad/40/40a40ee0ddf7ceb782c49af278894b686e586d65d8c1889c8b5da01a3d7d/numpy-2.4.6-cp311-cp311-macosx_14_0_arm64.whl", hash = "sha256:4cfe66903cc32a9921a6733d96b19bb6abf310397581bbad89c228f5abaf0ee8", size = 5469159, upload-time = "2026-05-18T23:33:20.654Z" },
    { url = "https://files.pythonhosted.org/packages/63/13/f9a8046535cb21deae82f8d03de9617e08882d274fad2539630761888228/numpy-2.4.6-cp311-cp311-macosx_14_0_x86_64.whl", hash = "sha256:8155154c7c691289fe18f510b5d4657c68c67989f293f0535a91360392ff6538", size = 6798936, upload-time = "2026-05-18T23:33:22.987Z" },
    { url = "https://files.pythonhosted.org/packages/33/a8/6fa8c1a345a8c85dbb21932c447bee07c30a2c2a3f31e369c0a84b300147/numpy-2.4.6-cp311-cp311-manylinux_2_27_aarch64.manylinux_2_28_aarch64.whl", hash = "sha256:0ab0a9c4ffb1a6d95ef519fe4247dba8eb6b18ad93999f76b7f657039acabd47", size = 15966692, upload-time = "2026-05-18T23:33:26.62Z" },
    { url = "https://files.pythonhosted.org/packages/02/03/74fe2a4cb3817d94d86402f2506554130a2f01414e299b5a843e5a8a957f/numpy-2.4.6-cp311-cp311-manylinux_2_27_x86_64.manylinux_2_28_x86_64.whl", hash = "sha256:89cd468399cfd2504718f0ba50e410dca55a170b61a02ad92bb18c8a65186e93", size = 16918164, upload-time = "2026-05-18T23:33:29.955Z" },
    { url = "https://files.pythonhosted.org/packages/c5/80/3615be3313f7e7696609bc194b9f0101da809df79e859bdb84e0cd043f46/numpy-2.4.6-cp311-cp311-musllinux_1_2_aarch64.whl", hash = "sha256:c2d37ab77531417474168eb79d6d80b14f821a966818505d03013d0833edb7a8", size = 17322877, upload-time = "2026-05-18T23:33:34.724Z" },
    { url = "https://files.pythonhosted.org/packages/ca/ac/a691e0fe2675e370d0e08ff905adc49a1c8830e8cae03efe4477e92cd55d/numpy-2.4.6-cp311-cp311-musllinux_1_2_x86_64.whl", hash = "sha256:f407cb6b8e9d6d8c626bc73c945db1706035af8fd632295547bf1c9e46d092d6", size = 18651487, upload-time = "2026-05-18T23:33:38.217Z" },
    { url = "https://files.pythonhosted.org/packages/15/a7/9bc1cd626d7bf6869bfedf27b91b6ab5dd607758bf8e959d6fa80c6a59cb/numpy-2.4.6-cp311-cp311-win32.whl", hash = "sha256:ddea102b48f9e339f3948bf22040944184627a30fdf7f858667673b9c5f033c8", size = 6233945, upload-time = "2026-05-18T23:33:41.331Z" },
    { url = "https://files.pythonhosted.org/packages/c5/31/7fc6239c12bce7e931463251cca4426c465e1876ba3cc785402ef4dd8f4e/numpy-2.4.6-cp311-cp311-win_amd64.whl", hash = "sha256:1e254a00cdf42b1e4d5b3d68d33af63268d41340d8885df2ab6470f2e1500147", size = 12608406, upload-time = "2026-05-18T23:33:44.131Z" },
    { url = "https://files.pythonhosted.org/packages/27/83/140f85a466595a16382996a1bf06b2b54bcd597488921b0c9daaeeda72af/numpy-2.4.6-cp311-cp311-win_arm64.whl", hash = "sha256:ed9749eef4cbd126da3dc1d6bcb3a57f5eb7ac6a6484146bdbf743f552dfc577", size = 10479528, upload-time = "2026-05-18T23:33:50.725Z" },
    { url = "https://files.pythonhosted.org/packages/de/12/b422cc84439adc0d00de605bf4a308890ae5c26f2c71fbd73e5d08fbb0dd/numpy-2.4.6-pp311-pypy311_pp73-macosx_10_15_x86_64.whl", hash = "sha256:55cced7c52e981362f708ad635198e97a752dfba412cc03c23bbf3bd8d5cd662", size = 16847511, upload-time = "2026-05-18T23:36:50.673Z" },
    { url = "https://files.pythonhosted.org/packages/44/53/f481bef68011740f8849418d82db07230e825013f31f4eef5ba5b805316a/numpy-2.4.6-pp311-pypy311_pp73-macosx_11_0_arm64.whl", hash = "sha256:d6da64deb6b8ed903e7560180a92f2d804ee1ba5eeb849ac2748b8c1aba1f6d7", size = 14889064, upload-time = "2026-05-18T23:36:53.879Z" },
    { url = "https://files.pythonhosted.org/packages/7f/57/42ed575c10ced8af951d426bc4e1f8aff16fd851db33f067036215a7f860/numpy-2.4.6-pp311-pypy311_pp73-macosx_14_0_arm64.whl", hash = "sha256:68a5124b13fa6cc2086764a20005d30bc0548146f7f5322f02fce212ca14317f", size = 5394157, upload-time = "2026-05-18T23:36:57.194Z" },
    { url = "https://files.pythonhosted.org/packages/6a/ef/f66cc724fcc36c1e364c67f51ae9146090b8b584f27d58b97fdae3edd737/numpy-2.4.6-pp311-pypy311_pp73-macosx_14_0_x86_64.whl", hash = "sha256:948424b06129ce883307e8cff868c31396d8dc7630a59c61d70d98dbe70f222c", size = 6708728, upload-time = "2026-05-18T23:36:59.575Z" },
    { url = "https://files.pythonhosted.org/packages/1a/9c/c531f2293b91265d8b48e9b329f54fdd7ffae73cb4134ea10cca4237e9cc/numpy-2.4.6-pp311-pypy311_pp73-manylinux_2_27_aarch64.manylinux_2_28_aarch64.whl", hash = "sha256:5dbbdb29840ca3d91ee0fece42fc29278886d908280bfec0a5846c6f901a3eb0", size = 15798374, upload-time = "2026-05-18T23:37:02.674Z" },
    { url = "https://files.pythonhosted.org/packages/1a/b0/413077f6b1153ed3cba361401c6783bbad6114804a000cc22eb71c13e190/numpy-2.4.6-pp311-pypy311_pp73-manylinux_2_27_x86_64.manylinux_2_28_x86_64.whl", hash = "sha256:8ad03c0965fb3c692200e74d458ca28c1dbb4ce96f9a479a8aa041ad5fabca02", size = 16747286, upload-time = "2026-05-18T23:37:06.327Z" },
    { url = "https://files.pythonhosted.org/packages/15/ce/e5ec180bc41812edcd8daeb8639d205622c0e8c02259d8ab25a0201b3c2a/numpy-2.4.6-pp311-pypy311_pp73-win_amd64.whl", hash = "sha256:2803abfebfc990042cd494d8ce2d5f82e9d847af6d35ec486923aa19dbad5e73", size = 12504263, upload-time = "2026-05-18T23:37:09.715Z" },
]

[[package]]
name = "opencv-python"
version = "4.13.0.92"
source = { registry = "https://pypi.org/simple" }
dependencies = [
    { name = "numpy" },
]
wheels = [
    { url = "https://files.pythonhosted.org/packages/fb/17/de5458312bcb07ddf434d7bfcb24bb52c59635ad58c6e7c751b48949b009/opencv_python-4.13.0.92-cp37-abi3-win32.whl", hash = "sha256:372fe164a3148ac1ca51e5f3ad0541a4a276452273f503441d718fab9c5e5f59", size = 30932638, upload-time = "2026-02-05T07:02:14.98Z" },
    { url = "https://files.pythonhosted.org/packages/e9/a5/1be1516390333ff9be3a9cb648c9f33df79d5096e5884b5df71a588af463/opencv_python-4.13.0.92-cp37-abi3-win_amd64.whl", hash = "sha256:423d934c9fafb91aad38edf26efb46da91ffbc05f3f59c4b0c72e699720706f5", size = 40212062, upload-time = "2026-02-05T07:02:12.724Z" },
]

[[package]]
name = "opencv-python-headless"
version = "4.13.0.92"
source = { registry = "https://pypi.org/simple" }
dependencies = [
    { name = "numpy" },
]
wheels = [
    { url = "https://files.pythonhosted.org/packages/79/42/2310883be3b8826ac58c3f2787b9358a2d46923d61f88fedf930bc59c60c/opencv_python_headless-4.13.0.92-cp37-abi3-macosx_13_0_arm64.whl", hash = "sha256:1a7d040ac656c11b8c38677cc8cccdc149f98535089dbe5b081e80a4e5903209", size = 46247192, upload-time = "2026-02-05T07:01:35.187Z" },
    { url = "https://files.pythonhosted.org/packages/2d/1e/6f9e38005a6f7f22af785df42a43139d0e20f169eb5787ce8be37ee7fcc9/opencv_python_headless-4.13.0.92-cp37-abi3-macosx_14_0_x86_64.whl", hash = "sha256:3e0a6f0a37994ec6ce5f59e936be21d5d6384a4556f2d2da9c2f9c5dc948394c", size = 32568914, upload-time = "2026-02-05T07:01:51.989Z" },
    { url = "https://files.pythonhosted.org/packages/21/76/9417a6aef9def70e467a5bf560579f816148a4c658b7d525581b356eda9e/opencv_python_headless-4.13.0.92-cp37-abi3-manylinux2014_aarch64.manylinux_2_17_aarch64.whl", hash = "sha256:5c8cfc8e87ed452b5cecb9419473ee5560a989859fe1d10d1ce11ae87b09a2cb", size = 33703709, upload-time = "2026-02-05T10:24:46.469Z" },
    { url = "https://files.pythonhosted.org/packages/92/ce/bd17ff5772938267fd49716e94ca24f616ff4cb1ff4c6be13085108037be/opencv_python_headless-4.13.0.92-cp37-abi3-manylinux2014_x86_64.manylinux_2_17_x86_64.whl", hash = "sha256:0525a3d2c0b46c611e2130b5fdebc94cf404845d8fa64d2f3a3b679572a5bd22", size = 56016764, upload-time = "2026-02-05T10:26:48.904Z" },
    { url = "https://files.pythonhosted.org/packages/8f/b4/b7bcbf7c874665825a8c8e1097e93ea25d1f1d210a3e20d4451d01da30aa/opencv_python_headless-4.13.0.92-cp37-abi3-manylinux_2_28_aarch64.whl", hash = "sha256:eb60e36b237b1ebd40a912da5384b348df8ed534f6f644d8e0b4f103e272ba7d", size = 35010236, upload-time = "2026-02-05T10:28:11.031Z" },
    { url = "https://files.pythonhosted.org/packages/4b/33/b5db29a6c00eb8f50708110d8d453747ca125c8b805bc437b289dbdcc057/opencv_python_headless-4.13.0.92-cp37-abi3-manylinux_2_28_x86_64.whl", hash = "sha256:0bd48544f77c68b2941392fcdf9bcd2b9cdf00e98cb8c29b2455d194763cf99e", size = 60391106, upload-time = "2026-02-05T10:30:14.236Z" },
]

[[package]]
name = "packaging"
version = "26.3"
source = { registry = "https://pypi.org/simple" }
sdist = { url = "https://files.pythonhosted.org/packages/7d/fa/3944b40b07da9ce895c0e6303a5ab7d53da063554f534556b134a54d6093/packaging-26.3.tar.gz", hash = "sha256:94edc256424af38762eb31306eed28beb9f0efc50a8837492c9d6fd6004aed79", size = 313412, upload-time = "2026-08-04T18:15:28.737Z" }
wheels = [
    { url = "https://files.pythonhosted.org/packages/63/34/ba1c580383c9eada3711951fef0795c80b829a078d72188184bcab9dd527/packaging-26.3-py3-none-any.whl", hash = "sha256:d7193f7c8e4e93f444fde0262bf90af30e16fa0ad0ad44cb553c87339b23cd1c", size = 129956, upload-time = "2026-08-04T18:15:27.159Z" },
]

[[package]]
name = "pillow"
version = "12.3.0"
source = { registry = "https://pypi.org/simple" }
sdist = { url = "https://files.pythonhosted.org/packages/1c/3d/bb7fca845737cf9d7dbde16ed1843984665ff2e0a518f5db43e77ec540b9/pillow-12.3.0.tar.gz", hash = "sha256:3b8182a766685eaa002637e28b4ec8d6b18819a0c71f579bf0dbaa5830297cce", size = 47025035, upload-time = "2026-07-01T11:56:38.965Z" }
wheels = [
    { url = "https://files.pythonhosted.org/packages/fb/c8/0a78b0e02d7ac54bc03e5321c9220da52f0c2ea83b21f7c40e7f3169c502/pillow-12.3.0-cp311-cp311-macosx_10_10_x86_64.whl", hash = "sha256:00808c5e14ef63ac5161091d242999076604ff74b883423a11e5d7bbb38bf756", size = 5392415, upload-time = "2026-07-01T11:53:47.162Z" },
    { url = "https://files.pythonhosted.org/packages/b2/5b/a02d30018abd97ced9f5a6c63d28597694a00d066516b9c1c6de45859fc9/pillow-12.3.0-cp311-cp311-macosx_11_0_arm64.whl", hash = "sha256:37d6d0a00072fd2948eb22bce7e1475f34569d90c87c59f7a2ec59541b77f7a6", size = 4785266, upload-time = "2026-07-01T11:53:49.079Z" },
    { url = "https://files.pythonhosted.org/packages/c8/98/766667a4be768150a202836acd9fad19c06824ca86c4286d3cf6b274964e/pillow-12.3.0-cp311-cp311-manylinux_2_27_aarch64.manylinux_2_28_aarch64.whl", hash = "sha256:bcb46e2f9feff8d06323983bd83ed00c201fdcab3d74973e7072a889b3979fcd", size = 6263814, upload-time = "2026-07-01T11:53:51.32Z" },
    { url = "https://files.pythonhosted.org/packages/3b/2d/ede717bc1144f63886c21fd349bb95860b0d1a21149ff16f2bb362b612b6/pillow-12.3.0-cp311-cp311-manylinux_2_27_x86_64.manylinux_2_28_x86_64.whl", hash = "sha256:23d27a3e0307ec2244cc51e7287b919aa68d097504ebe19df4e76a98a3eea5bd", size = 6934408, upload-time = "2026-07-01T11:53:53.487Z" },
    { url = "https://files.pythonhosted.org/packages/a3/48/9c58b685e69d49c31af6c8eb9012055fab7e665785165c84796e2c73ce72/pillow-12.3.0-cp311-cp311-musllinux_1_2_aarch64.whl", hash = "sha256:4f883547d4b7f0495ebe7056b0cc2aea76094e7a4abc8e933540f3271df27d9c", size = 6337160, upload-time = "2026-07-01T11:53:55.457Z" },
    { url = "https://files.pythonhosted.org/packages/ff/fa/dc2a5c0ba6df93f67c31d34b808b7ce440b40cdbf96f0b81cde1d1e6fa93/pillow-12.3.0-cp311-cp311-musllinux_1_2_x86_64.whl", hash = "sha256:236ff70b9312fb68943c703aa842ca6a758abfa45ac187a5e7c1452e96ef72b5", size = 7045172, upload-time = "2026-07-01T11:53:57.736Z" },
    { url = "https://files.pythonhosted.org/packages/86/a5/444817a4d4c4c2417df00513086ca196f388d8f9ef40c2e4ccd1ad1af54b/pillow-12.3.0-cp311-cp311-win32.whl", hash = "sha256:10e41f0fbf1eec8cfd234b8fe17a4caac7c9d0db4c204d3c173a8f9f6ef3232b", size = 6472232, upload-time = "2026-07-01T11:53:59.767Z" },
    { url = "https://files.pythonhosted.org/packages/63/c6/4bad1b18d132a50b27e1365e1ab163616f7a5bb56d330f66f9d1d9d4f9d4/pillow-12.3.0-cp311-cp311-win_amd64.whl", hash = "sha256:8e95e1385e4998ae9694eeaa4730ba5457ff61185b3a55e2e7bea0880aef452a", size = 7233653, upload-time = "2026-07-01T11:54:02.066Z" },
    { url = "https://files.pythonhosted.org/packages/fd/16/00f91ab7760dc842f5aad55217e80fc4a7067a0604535249bc8a2d6d9870/pillow-12.3.0-cp311-cp311-win_arm64.whl", hash = "sha256:ebaea975e03d3141d9d3a507df75c9b3ec90fa9d2ffd07567b3a978d9d790b26", size = 2568195, upload-time = "2026-07-01T11:54:04.622Z" },
    { url = "https://files.pythonhosted.org/packages/75/18/2e8b40223153ccbc60df07f9e8928dc0c76202aa4e55ae9f53962b6510d6/pillow-12.3.0-pp311-pypy311_pp73-macosx_10_15_x86_64.whl", hash = "sha256:b3c777e849237620b022f7f297dd67705f9f5cf1685f09f02e46f93e92725468", size = 5302510, upload-time = "2026-07-01T11:56:25.736Z" },
    { url = "https://files.pythonhosted.org/packages/46/3e/51fabf59d5ab801ceab709453d3ab6b180083496579549de4c45ced6528a/pillow-12.3.0-pp311-pypy311_pp73-macosx_11_0_arm64.whl", hash = "sha256:b343699e8308bdc51978310e1c959c584e7869cc8c40780058c87da7781a1e94", size = 4736058, upload-time = "2026-07-01T11:56:28.041Z" },
    { url = "https://files.pythonhosted.org/packages/bf/20/22fe9384b7949e25fb1293bcfc84fb82590ff4ea6b37c95b24d26d793d86/pillow-12.3.0-pp311-pypy311_pp73-manylinux_2_27_aarch64.manylinux_2_28_aarch64.whl", hash = "sha256:fbd139c8447d25dd750ab79ee274cc5e1fe80fc56340ab10b18a195e1b6eca3e", size = 5237776, upload-time = "2026-07-01T11:56:30.263Z" },
    { url = "https://files.pythonhosted.org/packages/08/14/f6ba68107680ffa74b39985f3f30884e41318fbc4250caa423c79b4788bb/pillow-12.3.0-pp311-pypy311_pp73-manylinux_2_27_x86_64.manylinux_2_28_x86_64.whl", hash = "sha256:e7e480451b9fa137494bccd3a7d69adbe8ac65a87d97be61e11f1b1050a5bac3", size = 5860358, upload-time = "2026-07-01T11:56:32.68Z" },
    { url = "https://files.pythonhosted.org/packages/36/54/0169bc772ec491108b62f644f8ecf1fe5d8ae5ebafde2ee2142210166903/pillow-12.3.0-pp311-pypy311_pp73-win_amd64.whl", hash = "sha256:04f01d28a6aaff387bf842a13be313df23ba0597a44f1a976c9feb3c6ff4711a", size = 7231786, upload-time = "2026-07-01T11:56:35.046Z" },
]

[[package]]
name = "pluggy"
version = "1.6.0"
source = { registry = "https://pypi.org/simple" }
sdist = { url = "https://files.pythonhosted.org/packages/f9/e2/3e91f31a7d2b083fe6ef3fa267035b518369d9511ffab804f839851d2779/pluggy-1.6.0.tar.gz", hash = "sha256:7dcc130b76258d33b90f61b658791dede3486c3e6bfb003ee5c9bfb396dd22f3", size = 69412, upload-time = "2025-05-15T12:30:07.975Z" }
wheels = [
    { url = "https://files.pythonhosted.org/packages/54/20/4d324d65cc6d9205fabedc306948156824eb9f0ee1633355a8f7ec5c66bf/pluggy-1.6.0-py3-none-any.whl", hash = "sha256:e920276dd6813095e9377c0bc5566d94c932c33b27a3e3945d8389c374dd4746", size = 20538, upload-time = "2025-05-15T12:30:06.134Z" },
]

[[package]]
name = "pygments"
version = "2.21.0"
source = { registry = "https://pypi.org/simple" }
sdist = { url = "https://files.pythonhosted.org/packages/49/2e/ced460408999b33da6b31b0021b0f37d329e202d4169aeb164493778f25b/pygments-2.21.0.tar.gz", hash = "sha256:610ca751c9bc2492b38eb9a38a7fbc93edbbb2d7182edaf34e66ae493dee5c8c", size = 5005329, upload-time = "2026-08-17T08:02:48.824Z" }
wheels = [
    { url = "https://files.pythonhosted.org/packages/71/46/17f022dd3e953bf20a04a028a21ec746d942f8d2af30fa0f124fa0e6a684/pygments-2.21.0-py3-none-any.whl", hash = "sha256:2363c69b61c4a97c838da3b130dcd6468f4848992b21a82f2a63ec34377137d9", size = 1250147, upload-time = "2026-08-17T08:02:44.912Z" },
]

[[package]]
name = "pytest"
version = "9.1.1"
source = { registry = "https://pypi.org/simple" }
dependencies = [
    { name = "colorama", marker = "sys_platform == 'win32'" },
    { name = "iniconfig" },
    { name = "packaging" },
    { name = "pluggy" },
    { name = "pygments" },
]
sdist = { url = "https://files.pythonhosted.org/packages/e4/47/b9efed96c114afcfa3c9d3fe98a76a1d14c74a9e266d397cf6eb64be5e01/pytest-9.1.1.tar.gz", hash = "sha256:1088fbde8f2b49d95a549a195707afa7a76a3ce9bcadc26b6d71f0ffda5fe313", size = 1636369, upload-time = "2026-06-19T10:58:32.857Z" }
wheels = [
    { url = "https://files.pythonhosted.org/packages/24/25/1de2678b631f5a49215c6c96fff41ba892b0a34df68d6d80292b1b48aa7f/pytest-9.1.1-py3-none-any.whl", hash = "sha256:37a86b45efb9a47a61a36449063e8e18d0cab3161329fc099eb21783169c4f0c", size = 386536, upload-time = "2026-06-19T10:58:31.347Z" },
]

[[package]]
name = "scikit-learn"
version = "1.8.0"
source = { registry = "https://pypi.org/simple" }
dependencies = [
    { name = "joblib" },
    { name = "numpy" },
    { name = "scipy" },
    { name = "threadpoolctl" },
]
sdist = { url = "https://files.pythonhosted.org/packages/0e/d4/40988bf3b8e34feec1d0e6a051446b1f66225f8529b9309becaeef62b6c4/scikit_learn-1.8.0.tar.gz", hash = "sha256:9bccbb3b40e3de10351f8f5068e105d0f4083b1a65fa07b6634fbc401a6287fd", size = 7335585, upload-time = "2025-12-10T07:08:53.618Z" }
wheels = [
    { url = "https://files.pythonhosted.org/packages/c9/92/53ea2181da8ac6bf27170191028aee7251f8f841f8d3edbfdcaf2008fde9/scikit_learn-1.8.0-cp311-cp311-macosx_10_9_x86_64.whl", hash = "sha256:146b4d36f800c013d267b29168813f7a03a43ecd2895d04861f1240b564421da", size = 8595835, upload-time = "2025-12-10T07:07:39.385Z" },
    { url = "https://files.pythonhosted.org/packages/01/18/d154dc1638803adf987910cdd07097d9c526663a55666a97c124d09fb96a/scikit_learn-1.8.0-cp311-cp311-macosx_12_0_arm64.whl", hash = "sha256:f984ca4b14914e6b4094c5d52a32ea16b49832c03bd17a110f004db3c223e8e1", size = 8080381, upload-time = "2025-12-10T07:07:41.93Z" },
    { url = "https://files.pythonhosted.org/packages/8a/44/226142fcb7b7101e64fdee5f49dbe6288d4c7af8abf593237b70fca080a4/scikit_learn-1.8.0-cp311-cp311-manylinux_2_27_aarch64.manylinux_2_28_aarch64.whl", hash = "sha256:5e30adb87f0cc81c7690a84f7932dd66be5bac57cfe16b91cb9151683a4a2d3b", size = 8799632, upload-time = "2025-12-10T07:07:43.899Z" },
    { url = "https://files.pythonhosted.org/packages/36/4d/4a67f30778a45d542bbea5db2dbfa1e9e100bf9ba64aefe34215ba9f11f6/scikit_learn-1.8.0-cp311-cp311-manylinux_2_27_x86_64.manylinux_2_28_x86_64.whl", hash = "sha256:ada8121bcb4dac28d930febc791a69f7cb1673c8495e5eee274190b73a4559c1", size = 9103788, upload-time = "2025-12-10T07:07:45.982Z" },
    { url = "https://files.pythonhosted.org/packages/89/3c/45c352094cfa60050bcbb967b1faf246b22e93cb459f2f907b600f2ceda5/scikit_learn-1.8.0-cp311-cp311-win_amd64.whl", hash = "sha256:c57b1b610bd1f40ba43970e11ce62821c2e6569e4d74023db19c6b26f246cb3b", size = 8081706, upload-time = "2025-12-10T07:07:48.111Z" },
    { url = "https://files.pythonhosted.org/packages/3d/46/5416595bb395757f754feb20c3d776553a386b661658fb21b7c814e89efe/scikit_learn-1.8.0-cp311-cp311-win_arm64.whl", hash = "sha256:2838551e011a64e3053ad7618dda9310175f7515f1742fa2d756f7c874c05961", size = 7688451, upload-time = "2025-12-10T07:07:49.873Z" },
]

[[package]]
name = "scipy"
version = "1.17.1"
source = { registry = "https://pypi.org/simple" }
dependencies = [
    { name = "numpy" },
]
sdist = { url = "https://files.pythonhosted.org/packages/7a/97/5a3609c4f8d58b039179648e62dd220f89864f56f7357f5d4f45c29eb2cc/scipy-1.17.1.tar.gz", hash = "sha256:95d8e012d8cb8816c226aef832200b1d45109ed4464303e997c5b13122b297c0", size = 30573822, upload-time = "2026-02-23T00:26:24.851Z" }
wheels = [
    { url = "https://files.pythonhosted.org/packages/df/75/b4ce781849931fef6fd529afa6b63711d5a733065722d0c3e2724af9e40a/scipy-1.17.1-cp311-cp311-macosx_10_14_x86_64.whl", hash = "sha256:1f95b894f13729334fb990162e911c9e5dc1ab390c58aa6cbecb389c5b5e28ec", size = 31613675, upload-time = "2026-02-23T00:16:00.13Z" },
    { url = "https://files.pythonhosted.org/packages/f7/58/bccc2861b305abdd1b8663d6130c0b3d7cc22e8d86663edbc8401bfd40d4/scipy-1.17.1-cp311-cp311-macosx_12_0_arm64.whl", hash = "sha256:e18f12c6b0bc5a592ed23d3f7b891f68fd7f8241d69b7883769eb5d5dfb52696", size = 28162057, upload-time = "2026-02-23T00:16:09.456Z" },
    { url = "https://files.pythonhosted.org/packages/6d/ee/18146b7757ed4976276b9c9819108adbc73c5aad636e5353e20746b73069/scipy-1.17.1-cp311-cp311-macosx_14_0_arm64.whl", hash = "sha256:a3472cfbca0a54177d0faa68f697d8ba4c80bbdc19908c3465556d9f7efce9ee", size = 20334032, upload-time = "2026-02-23T00:16:17.358Z" },
    { url = "https://files.pythonhosted.org/packages/ec/e6/cef1cf3557f0c54954198554a10016b6a03b2ec9e22a4e1df734936bd99c/scipy-1.17.1-cp311-cp311-macosx_14_0_x86_64.whl", hash = "sha256:766e0dc5a616d026a3a1cffa379af959671729083882f50307e18175797b3dfd", size = 22709533, upload-time = "2026-02-23T00:16:25.791Z" },
    { url = "https://files.pythonhosted.org/packages/4d/60/8804678875fc59362b0fb759ab3ecce1f09c10a735680318ac30da8cd76b/scipy-1.17.1-cp311-cp311-manylinux_2_27_aarch64.manylinux_2_28_aarch64.whl", hash = "sha256:744b2bf3640d907b79f3fd7874efe432d1cf171ee721243e350f55234b4cec4c", size = 33062057, upload-time = "2026-02-23T00:16:36.931Z" },
    { url = "https://files.pythonhosted.org/packages/09/7d/af933f0f6e0767995b4e2d705a0665e454d1c19402aa7e895de3951ebb04/scipy-1.17.1-cp311-cp311-manylinux_2_27_x86_64.manylinux_2_28_x86_64.whl", hash = "sha256:43af8d1f3bea642559019edfe64e9b11192a8978efbd1539d7bc2aaa23d92de4", size = 35349300, upload-time = "2026-02-23T00:16:49.108Z" },
    { url = "https://files.pythonhosted.org/packages/b4/3d/7ccbbdcbb54c8fdc20d3b6930137c782a163fa626f0aef920349873421ba/scipy-1.17.1-cp311-cp311-musllinux_1_2_aarch64.whl", hash = "sha256:cd96a1898c0a47be4520327e01f874acfd61fb48a9420f8aa9f6483412ffa444", size = 35127333, upload-time = "2026-02-23T00:17:01.293Z" },
    { url = "https://files.pythonhosted.org/packages/e8/19/f926cb11c42b15ba08e3a71e376d816ac08614f769b4f47e06c3580c836a/scipy-1.17.1-cp311-cp311-musllinux_1_2_x86_64.whl", hash = "sha256:4eb6c25dd62ee8d5edf68a8e1c171dd71c292fdae95d8aeb3dd7d7de4c364082", size = 37741314, upload-time = "2026-02-23T00:17:12.576Z" },
    { url = "https://files.pythonhosted.org/packages/95/da/0d1df507cf574b3f224ccc3d45244c9a1d732c81dcb26b1e8a766ae271a8/scipy-1.17.1-cp311-cp311-win_amd64.whl", hash = "sha256:d30e57c72013c2a4fe441c2fcb8e77b14e152ad48b5464858e07e2ad9fbfceff", size = 36607512, upload-time = "2026-02-23T00:17:23.424Z" },
    { url = "https://files.pythonhosted.org/packages/68/7f/bdd79ceaad24b671543ffe0ef61ed8e659440eb683b66f033454dcee90eb/scipy-1.17.1-cp311-cp311-win_arm64.whl", hash = "sha256:9ecb4efb1cd6e8c4afea0daa91a87fbddbce1b99d2895d151596716c0b2e859d", size = 24599248, upload-time = "2026-02-23T00:17:34.561Z" },
]

[[package]]
name = "sympy"
version = "1.14.0"
source = { registry = "https://pypi.org/simple" }
dependencies = [
    { name = "mpmath" },
]
sdist = { url = "https://files.pythonhosted.org/packages/83/d3/803453b36afefb7c2bb238361cd4ae6125a569b4db67cd9e79846ba2d68c/sympy-1.14.0.tar.gz", hash = "sha256:d3d3fe8df1e5a0b42f0e7bdf50541697dbe7d23746e894990c030e2b05e72517", size = 7793921, upload-time = "2025-04-27T18:05:01.611Z" }
wheels = [
    { url = "https://files.pythonhosted.org/packages/a2/09/77d55d46fd61b4a135c444fc97158ef34a095e5681d0a6c10b75bf356191/sympy-1.14.0-py3-none-any.whl", hash = "sha256:e091cc3e99d2141a0ba2847328f5479b05d94a6635cb96148ccb3f34671bd8f5", size = 6299353, upload-time = "2025-04-27T18:04:59.103Z" },
]

[[package]]
name = "threadpoolctl"
version = "3.7.0"
source = { registry = "https://pypi.org/simple" }
sdist = { url = "https://files.pythonhosted.org/packages/00/dc/6c58154c1c65f758ea979e7139cb76993a9cfc662d14e9be3c4a667cfb77/threadpoolctl-3.7.0.tar.gz", hash = "sha256:61348cfb77d53b9242e0017029244b559b810c142ced65b4e21eeca1843959a7", size = 31961, upload-time = "2026-09-15T15:46:20.263Z" }
wheels = [
    { url = "https://files.pythonhosted.org/packages/43/3f/f88a53f60a472b46f4023f56d204dd7de33d34c5d2acbfa0d70a674e639e/threadpoolctl-3.7.0-py3-none-any.whl", hash = "sha256:cd8b60b5641b45c67bbf73c64c843235fc2d8a480c87389f52f5dbee893b86be", size = 26362, upload-time = "2026-09-15T15:46:19.168Z" },
]

[[package]]
name = "torch"
version = "2.10.0"
source = { registry = "https://download.pytorch.org/whl/cpu" }
resolution-markers = [
    "sys_platform == 'darwin'",
]
dependencies = [
    { name = "filelock" },
    { name = "fsspec" },
    { name = "jinja2" },
    { name = "networkx" },
    { name = "sympy" },
    { name = "typing-extensions" },
]
wheels = [
    { url = "https://download-r2.pytorch.org/whl/cpu/torch-2.10.0-1-cp311-none-macosx_11_0_arm64.whl", hash = "sha256:0826ac8e409551e12b2360ac18b4161a838cbd111933e694752f351191331d09", upload-time = "2026-02-06T16:27:14Z" },
    { url = "https://download-r2.pytorch.org/whl/cpu/torch-2.10.0-2-cp311-none-macosx_11_0_arm64.whl", hash = "sha256:90821a3194b8806d9fa9fdaa9308c1bc73df0c26808274b14129a97c99f35794", upload-time = "2026-02-10T19:55:42Z" },
    { url = "https://download-r2.pytorch.org/whl/cpu/torch-2.10.0-cp311-none-macosx_11_0_arm64.whl", hash = "sha256:4584ab167995c0479f6821e3dceaf199c8166c811d3adbba5d8eedbbfa6764fd", upload-time = "2026-01-23T15:09:55Z" },
]

[[package]]
name = "torch"
version = "2.10.0+cpu"
source = { registry = "https://download.pytorch.org/whl/cpu" }
resolution-markers = [
    "sys_platform != 'darwin'",
]
dependencies = [
    { name = "filelock" },
    { name = "fsspec" },
    { name = "jinja2" },
    { name = "networkx" },
    { name = "sympy" },
    { name = "typing-extensions" },
]
wheels = [
    { url = "https://download-r2.pytorch.org/whl/cpu/torch-2.10.0%2Bcpu-cp311-cp311-linux_aarch64.whl", hash = "sha256:ce5c113d1f55f8c1f5af05047a24e50d11d293e0cbbb5bf7a75c6c761edd6eaa", upload-time = "2026-01-23T15:10:11Z" },
    { url = "https://download-r2.pytorch.org/whl/cpu/torch-2.10.0%2Bcpu-cp311-cp311-linux_s390x.whl", hash = "sha256:0e286fcf6ce0cc7b204396c9b4ea0d375f1f0c3e752f68ce3d3aeb265511db8c", upload-time = "2026-01-23T15:10:12Z" },
    { url = "https://download-r2.pytorch.org/whl/cpu/torch-2.10.0%2Bcpu-cp311-cp311-manylinux_2_28_aarch64.whl", hash = "sha256:1cfcb9b1558c6e52dffd0d4effce83b13c5ae5d97338164c372048c21f9cfccb", upload-time = "2026-01-23T15:10:15Z" },
    { url = "https://download-r2.pytorch.org/whl/cpu/torch-2.10.0%2Bcpu-cp311-cp311-manylinux_2_28_x86_64.whl", hash = "sha256:b7cb1ec66cefb90fd7b676eac72cfda3b8d4e4d0cacd7a531963bc2e0a9710ab", upload-time = "2026-01-23T15:10:15Z" },
    { url = "https://download-r2.pytorch.org/whl/cpu/torch-2.10.0%2Bcpu-cp311-cp311-win_amd64.whl", hash = "sha256:17a09465bab2aab8f0f273410297133d8d8fb6dd84dccbd252ca4a4f3a111847", upload-time = "2026-01-23T15:10:19Z" },
    { url = "https://download-r2.pytorch.org/whl/cpu/torch-2.10.0%2Bcpu-cp311-cp311-win_arm64.whl", hash = "sha256:c35c0de592941d4944698dbfa87271ab85d3370eca3b694943a2ab307ac34b3f", upload-time = "2026-01-23T15:10:20Z" },
]

[[package]]
name = "torchvision"
version = "0.25.0"
source = { registry = "https://download.pytorch.org/whl/cpu" }
resolution-markers = [
    "sys_platform == 'darwin'",
]
dependencies = [
    { name = "numpy" },
    { name = "pillow" },
    { name = "torch", version = "2.10.0", source = { registry = "https://download.pytorch.org/whl/cpu" } },
]
wheels = [
    { url = "https://download-r2.pytorch.org/whl/cpu/torchvision-0.25.0-cp311-cp311-macosx_11_0_arm64.whl", hash = "sha256:a76ce7b8d4fce291a25721ee2f921c783acc6dbd4fc32dc741ed2a1d5a8dde2f", upload-time = "2026-01-20T18:32:30Z" },
]

[[package]]
name = "torchvision"
version = "0.25.0+cpu"
source = { registry = "https://download.pytorch.org/whl/cpu" }
resolution-markers = [
    "sys_platform != 'darwin'",
]
dependencies = [
    { name = "numpy" },
    { name = "pillow" },
    { name = "torch", version = "2.10.0+cpu", source = { registry = "https://download.pytorch.org/whl/cpu" } },
]
wheels = [
    { url = "https://download-r2.pytorch.org/whl/cpu/torchvision-0.25.0%2Bcpu-cp311-cp311-manylinux_2_28_aarch64.whl", hash = "sha256:59be99d1c470ef470b134468aa6afa6f968081a503acb4ee883d70332f822e35", upload-time = "2026-01-20T18:32:30Z" },
    { url = "https://download-r2.pytorch.org/whl/cpu/torchvision-0.25.0%2Bcpu-cp311-cp311-manylinux_2_28_x86_64.whl", hash = "sha256:aa016ab73e06a886f72edc8929ed2ed4c85aaaa6e10500ecdef921b03129b19e", upload-time = "2026-01-20T18:32:30Z" },
    { url = "https://download-r2.pytorch.org/whl/cpu/torchvision-0.25.0%2Bcpu-cp311-cp311-win_amd64.whl", hash = "sha256:c7eb5f219fdfaf1f65e68c00eb81172ab4fa08a9874dae9dad2bca360da34d0f", upload-time = "2026-01-20T18:32:30Z" },
]

[[package]]
name = "typing-extensions"
version = "4.16.0"
source = { registry = "https://pypi.org/simple" }
sdist = { url = "https://files.pythonhosted.org/packages/f6/cc/6253133b5bb138fc3306cebfbda2c520f545d36b5be2c7255cc528bb45d6/typing_extensions-4.16.0.tar.gz", hash = "sha256:dc983d19a509c94dba722ee6abd33940f7c05a89e243c47e907eb4db6f1a43e5", size = 113555, upload-time = "2026-07-02T08:40:05.92Z" }
wheels = [
    { url = "https://files.pythonhosted.org/packages/49/d3/b8441a820a491ddfc024b0b0cf0393375b75ea13866d9c66727e54c2fc80/typing_extensions-4.16.0-py3-none-any.whl", hash = "sha256:481caa481374e813c1b176ada14e97f1f67a4539ce9cfeb3f350d78d6370c2e8", size = 45571, upload-time = "2026-07-02T08:40:04.659Z" },
]
